
Microsoft Visual Studio Solution File, Format Version 12.00
# Visual Studio 15
VisualStudioVersion = 15.0.26730.8
MinimumVisualStudioVersion = 10.0.40219.1
Project("{FAE04EC0-301F-11D3-BF4B-00C04F79EFBC}") = "les11-Oef1", "les11-Oef1\les11-Oef1.csproj", "{27BA32C5-257B-4686-A838-E79143193DA8}"
EndProject
Global
	GlobalSection(SolutionConfigurationPlatforms) = preSolution
		Debug|Any CPU = Debug|Any CPU
		Release|Any CPU = Release|Any CPU
	EndGlobalSection
	GlobalSection(ProjectConfigurationPlatforms) = postSolution
		{27BA32C5-257B-4686-A838-E79143193DA8}.Debug|Any CPU.ActiveCfg = Debug|Any CPU
		{27BA32C5-257B-4686-A838-E79143193DA8}.Debug|Any CPU.Build.0 = Debug|Any CPU
		{27BA32C5-257B-4686-A838-E79143193DA8}.Release|Any CPU.ActiveCfg = Release|Any CPU
		{27BA32C5-257B-4686-A838-E79143193DA8}.Release|Any CPU.Build.0 = Release|Any CPU
	EndGlobalSection
	GlobalSection(SolutionProperties) = preSolution
		HideSolutionNode = FALSE
	EndGlobalSection
	GlobalSection(ExtensibilityGlobals) = postSolution
		SolutionGuid = {8DBED7AD-E6DE-4614-B8DC-38EE87263B4F}
	EndGlobalSection
EndGlobal
